
Microsoft Visual Studio Solution File, Format Version 12.00
# Visual Studio Version 16
VisualStudioVersion = 16.0.30225.117
MinimumVisualStudioVersion = 10.0.40219.1
Project("{9A19103F-16F7-4668-BE54-9A1E7A4F7556}") = "ReinforcedConcreteFactoryBusinessLogic", "ReinforcedConcreteFactoryBusinessLogic\ReinforcedConcreteFactoryBusinessLogic.csproj", "{26C45CA4-DAF8-406C-BF38-99F13A33D012}"
EndProject
Project("{FAE04EC0-301F-11D3-BF4B-00C04F79EFBC}") = "ReinforcedConcreteFactoryView", "ReinforcedConcreteFactoryView\ReinforcedConcreteFactoryView.csproj", "{1FB1526F-8D05-4874-AE1D-1B45410098A9}"
EndProject
Project("{9A19103F-16F7-4668-BE54-9A1E7A4F7556}") = "ReinforcedConcreteFactoryListImplement", "ReinforcedConcreteFactoryListImplement\ReinforcedConcreteFactoryListImplement.csproj", "{AB614741-4542-4782-B065-3204E7410A23}"
EndProject
Project("{FAE04EC0-301F-11D3-BF4B-00C04F79EFBC}") = "ReinforcedConcreteFactoryFileImplement", "ReinforcedConcreteFactoryFileImplement\ReinforcedConcreteFactoryFileImplement.csproj", "{C27ADFD2-8137-4ACF-853B-9CF7909454B9}"
EndProject
Global
	GlobalSection(SolutionConfigurationPlatforms) = preSolution
		Debug|Any CPU = Debug|Any CPU
		Release|Any CPU = Release|Any CPU
	EndGlobalSection
	GlobalSection(ProjectConfigurationPlatforms) = postSolution
		{26C45CA4-DAF8-406C-BF38-99F13A33D012}.Debug|Any CPU.ActiveCfg = Debug|Any CPU
		{26C45CA4-DAF8-406C-BF38-99F13A33D012}.Debug|Any CPU.Build.0 = Debug|Any CPU
		{26C45CA4-DAF8-406C-BF38-99F13A33D012}.Release|Any CPU.ActiveCfg = Release|Any CPU
		{26C45CA4-DAF8-406C-BF38-99F13A33D012}.Release|Any CPU.Build.0 = Release|Any CPU
		{1FB1526F-8D05-4874-AE1D-1B45410098A9}.Debug|Any CPU.ActiveCfg = Debug|Any CPU
		{1FB1526F-8D05-4874-AE1D-1B45410098A9}.Debug|Any CPU.Build.0 = Debug|Any CPU
		{1FB1526F-8D05-4874-AE1D-1B45410098A9}.Release|Any CPU.ActiveCfg = Release|Any CPU
		{1FB1526F-8D05-4874-AE1D-1B45410098A9}.Release|Any CPU.Build.0 = Release|Any CPU
		{AB614741-4542-4782-B065-3204E7410A23}.Debug|Any CPU.ActiveCfg = Debug|Any CPU
		{AB614741-4542-4782-B065-3204E7410A23}.Debug|Any CPU.Build.0 = Debug|Any CPU
		{AB614741-4542-4782-B065-3204E7410A23}.Release|Any CPU.ActiveCfg = Release|Any CPU
		{AB614741-4542-4782-B065-3204E7410A23}.Release|Any CPU.Build.0 = Release|Any CPU
		{C27ADFD2-8137-4ACF-853B-9CF7909454B9}.Debug|Any CPU.ActiveCfg = Debug|Any CPU
		{C27ADFD2-8137-4ACF-853B-9CF7909454B9}.Debug|Any CPU.Build.0 = Debug|Any CPU
		{C27ADFD2-8137-4ACF-853B-9CF7909454B9}.Release|Any CPU.ActiveCfg = Release|Any CPU
		{C27ADFD2-8137-4ACF-853B-9CF7909454B9}.Release|Any CPU.Build.0 = Release|Any CPU
	EndGlobalSection
	GlobalSection(SolutionProperties) = preSolution
		HideSolutionNode = FALSE
	EndGlobalSection
	GlobalSection(ExtensibilityGlobals) = postSolution
		SolutionGuid = {E0783CFA-39E2-4F22-8EEC-3B9B38145E89}
	EndGlobalSection
EndGlobal
